<Solution>
  <Folder Name="/Core/" />
  <Project Path="../Ecommerce.Application/Ecommerce.Application.csproj" />
  <Project Path="../Ecommerce.Domain/Ecommerce.Domain.csproj" />
  <Project Path="../Ecommerce.Infrastructure/Ecommerce.Infrastructure.csproj" />
  <Project Path="../Ecommerce.Test/Ecommerce.Test.csproj" />
  <Project Path="../Ecommerce.Transversal/Ecommerce.Transversal.csproj" Id="bb6536c3-fecb-4642-89b0-f97a9da66b01" />
  <Project Path="Ecommerce.Api.csproj" />
</Solution>
